
Microsoft Visual Studio Solution File, Format Version 12.00
# Visual Studio Version 17
VisualStudioVersion = 17.9.34616.47
MinimumVisualStudioVersion = 10.0.40219.1
Project("{FAE04EC0-301F-11D3-BF4B-00C04F79EFBC}") = "Calculator", "Calculator\Calculator.csproj", "{5E6AED05-DDB2-4E29-85AF-55CB49BD6257}"
EndProject
Project("{FAE04EC0-301F-11D3-BF4B-00C04F79EFBC}") = "Calculator.Test", "Calculator.Test\Calculator.Test.csproj", "{2B911967-C88E-4799-896E-2601763029CA}"
EndProject
Global
	GlobalSection(SolutionConfigurationPlatforms) = preSolution
		Debug|Any CPU = Debug|Any CPU
		Release|Any CPU = Release|Any CPU
	EndGlobalSection
	GlobalSection(ProjectConfigurationPlatforms) = postSolution
		{5E6AED05-DDB2-4E29-85AF-55CB49BD6257}.Debug|Any CPU.ActiveCfg = Debug|Any CPU
		{5E6AED05-DDB2-4E29-85AF-55CB49BD6257}.Debug|Any CPU.Build.0 = Debug|Any CPU
		{5E6AED05-DDB2-4E29-85AF-55CB49BD6257}.Release|Any CPU.ActiveCfg = Release|Any CPU
		{5E6AED05-DDB2-4E29-85AF-55CB49BD6257}.Release|Any CPU.Build.0 = Release|Any CPU
		{2B911967-C88E-4799-896E-2601763029CA}.Debug|Any CPU.ActiveCfg = Debug|Any CPU
		{2B911967-C88E-4799-896E-2601763029CA}.Debug|Any CPU.Build.0 = Debug|Any CPU
		{2B911967-C88E-4799-896E-2601763029CA}.Release|Any CPU.ActiveCfg = Release|Any CPU
		{2B911967-C88E-4799-896E-2601763029CA}.Release|Any CPU.Build.0 = Release|Any CPU
	EndGlobalSection
	GlobalSection(SolutionProperties) = preSolution
		HideSolutionNode = FALSE
	EndGlobalSection
	GlobalSection(ExtensibilityGlobals) = postSolution
		SolutionGuid = {D6FE2EEF-0179-4504-BADD-29A2B1ED89A5}
	EndGlobalSection
EndGlobal
